<?xml version="1.0" encoding="utf-8"?>
<Project ToolsVersion="4.0" xmlns="http://schemas.microsoft.com/developer/msbuild/2003">
  <ItemGroup>
    <Filter Include="Source Files">
      <UniqueIdentifier>{4FC737F1-C7A5-4376-A066-2A32D752A2FF}</UniqueIdentifier>
      <Extensions>cpp;c;cc;cxx;c++;cppm;ixx;def;odl;idl;hpj;bat;asm;asmx</Extensions>
    </Filter>
    <Filter Include="Header Files">
      <UniqueIdentifier>{93995380-89BD-4b04-88EB-625FBE52EBFB}</UniqueIdentifier>
      <Extensions>h;hh;hpp;hxx;h++;hm;inl;inc;ipp;xsd</Extensions>
    </Filter>
    <Filter Include="Resource Files">
      <UniqueIdentifier>{67DA6AB6-F800-4c08-8B7A-83BB121AAD01}</UniqueIdentifier>
      <Extensions>rc;ico;cur;bmp;dlg;rc2;rct;bin;rgs;gif;jpg;jpeg;jpe;resx;tiff;tif;png;wav;mfcribbon-ms</Extensions>
    </Filter>
    <Filter Include="header">
      <UniqueIdentifier>{9af31caf-76a5-48e4-af91-14e1129a8787}</UniqueIdentifier>
    </Filter>
    <Filter Include="src">
      <UniqueIdentifier>{1990b350-f829-473f-81ae-b63b7a96bc3d}</UniqueIdentifier>
    </Filter>
  </ItemGroup>
  <ItemGroup>
    <ClCompile Include="file_reader.c">
      <Filter>src</Filter>
    </ClCompile>
    <ClCompile Include="geometry.c">
      <Filter>src</Filter>
    </ClCompile>
    <ClCompile Include="globals.c">
      <Filter>src</Filter>
    </ClCompile>
    <ClCompile Include="movement.c">
      <Filter>src</Filter>
    </ClCompile>
    <ClCompile Include="renderer.c">
      <Filter>src</Filter>
    </ClCompile>
    <ClCompile Include="simulator.c">
      <Filter>src</Filter>
    </ClCompile>
    <ClCompile Include="vehicle.c">
      <Filter>src</Filter>
    </ClCompile>
  </ItemGroup>
  <ItemGroup>
    <ClInclude Include="constants.h">
      <Filter>header</Filter>
    </ClInclude>
    <ClInclude Include="file_reader.h">
      <Filter>header</Filter>
    </ClInclude>
    <ClInclude Include="geometry.h">
      <Filter>header</Filter>
    </ClInclude>
    <ClInclude Include="globals.h">
      <Filter>header</Filter>
    </ClInclude>
    <ClInclude Include="movement.h">
      <Filter>header</Filter>
    </ClInclude>
    <ClInclude Include="renderer.h">
      <Filter>header</Filter>
    </ClInclude>
    <ClInclude Include="vehicle.h">
      <Filter>header</Filter>
    </ClInclude>
  </ItemGroup>
  <ItemGroup>
    <None Include="README.md" />
  </ItemGroup>
</Project>