<?xml version="1.0" encoding="utf-8"?>
<Project ToolsVersion="4.0" xmlns="http://schemas.microsoft.com/developer/msbuild/2003">
  <ItemGroup>
    <Filter Include="Source Files">
      <UniqueIdentifier>{4FC737F1-C7A5-4376-A066-2A32D752A2FF}</UniqueIdentifier>
      <Extensions>cpp;c;cc;cxx;c++;cppm;ixx;def;odl;idl;hpj;bat;asm;asmx</Extensions>
    </Filter>
    <Filter Include="Header Files">
      <UniqueIdentifier>{93995380-89BD-4b04-88EB-625FBE52EBFB}</UniqueIdentifier>
      <Extensions>h;hh;hpp;hxx;h++;hm;inl;inc;ipp;xsd</Extensions>
    </Filter>
    <Filter Include="Resource Files">
      <UniqueIdentifier>{67DA6AB6-F800-4c08-8B7A-83BB121AAD01}</UniqueIdentifier>
      <Extensions>rc;ico;cur;bmp;dlg;rc2;rct;bin;rgs;gif;jpg;jpeg;jpe;resx;tiff;tif;png;wav;mfcribbon-ms</Extensions>
    </Filter>
    <Filter Include="Source Files\simulator">
      <UniqueIdentifier>{cc59bbcb-3d93-4852-aaea-a454a606f99a}</UniqueIdentifier>
    </Filter>
    <Filter Include="Source Files\simulator\headers">
      <UniqueIdentifier>{0ac08ecb-9830-45b6-8d06-1a6cbd492472}</UniqueIdentifier>
    </Filter>
    <Filter Include="Source Files\simulator\src">
      <UniqueIdentifier>{7661ab6e-b385-4d11-a50f-112ceef344c8}</UniqueIdentifier>
    </Filter>
  </ItemGroup>
  <ItemGroup>
    <ClCompile Include="file_reader.c">
      <Filter>Source Files\simulator\src</Filter>
    </ClCompile>
    <ClCompile Include="geometry.c">
      <Filter>Source Files\simulator\src</Filter>
    </ClCompile>
    <ClCompile Include="globals.c">
      <Filter>Source Files\simulator\src</Filter>
    </ClCompile>
    <ClCompile Include="movement.c">
      <Filter>Source Files\simulator\src</Filter>
    </ClCompile>
    <ClCompile Include="renderer.c">
      <Filter>Source Files\simulator\src</Filter>
    </ClCompile>
    <ClCompile Include="simulator.c">
      <Filter>Source Files\simulator\src</Filter>
    </ClCompile>
    <ClCompile Include="vehicle.c">
      <Filter>Source Files\simulator\src</Filter>
    </ClCompile>
  </ItemGroup>
  <ItemGroup>
    <ClInclude Include="constants.h">
      <Filter>Source Files\simulator\headers</Filter>
    </ClInclude>
    <ClInclude Include="file_reader.h">
      <Filter>Source Files\simulator\headers</Filter>
    </ClInclude>
    <ClInclude Include="geometry.h">
      <Filter>Source Files\simulator\headers</Filter>
    </ClInclude>
    <ClInclude Include="globals.h">
      <Filter>Source Files\simulator\headers</Filter>
    </ClInclude>
    <ClInclude Include="movement.h">
      <Filter>Source Files\simulator\headers</Filter>
    </ClInclude>
    <ClInclude Include="renderer.h">
      <Filter>Source Files\simulator\headers</Filter>
    </ClInclude>
    <ClInclude Include="vehicle.h">
      <Filter>Source Files\simulator\headers</Filter>
    </ClInclude>
  </ItemGroup>
  <ItemGroup>
    <None Include="README.md" />
  </ItemGroup>
</Project>